// !$*UTF8*$!
{
	archiveVersion = 1;
	classes = {
	};
	objectVersion = 56;
	objects = {

/* Begin PBXBuildFile section */
		CAED22742A9CBD8B00FDFE48 /* AppDelegate.swift in Sources */ = {isa = PBXBuildFile; fileRef = CAED22732A9CBD8B00FDFE48 /* AppDelegate.swift */; };
		CAED22762A9CBD8B00FDFE48 /* SceneDelegate.swift in Sources */ = {isa = PBXBuildFile; fileRef = CAED22752A9CBD8B00FDFE48 /* SceneDelegate.swift */; };
		CAED22782A9CBD8B00FDFE48 /* ViewController.swift in Sources */ = {isa = PBXBuildFile; fileRef = CAED22772A9CBD8B00FDFE48 /* ViewController.swift */; };
		CAED227B2A9CBD8B00FDFE48 /* Main.storyboard in Resources */ = {isa = PBXBuildFile; fileRef = CAED22792A9CBD8B00FDFE48 /* Main.storyboard */; };
		CAED227D2A9CBD8C00FDFE48 /* Assets.xcassets in Resources */ = {isa = PBXBuildFile; fileRef = CAED227C2A9CBD8C00FDFE48 /* Assets.xcassets */; };
		CAED22802A9CBD8C00FDFE48 /* LaunchScreen.storyboard in Resources */ = {isa = PBXBuildFile; fileRef = CAED227E2A9CBD8C00FDFE48 /* LaunchScreen.storyboard */; };
		CAED228B2A9CBD8D00FDFE48 /* I_am_RichTests.swift in Sources */ = {isa = PBXBuildFile; fileRef = CAED228A2A9CBD8D00FDFE48 /* I_am_RichTests.swift */; };
		CAED22952A9CBD8D00FDFE48 /* I_am_RichUITests.swift in Sources */ = {isa = PBXBuildFile; fileRef = CAED22942A9CBD8D00FDFE48 /* I_am_RichUITests.swift */; };
		CAED22972A9CBD8D00FDFE48 /* I_am_RichUITestsLaunchTests.swift in Sources */ = {isa = PBXBuildFile; fileRef = CAED22962A9CBD8D00FDFE48 /* I_am_RichUITestsLaunchTests.swift */; };
/* End PBXBuildFile section */

/* Begin PBXContainerItemProxy section */
		CAED22872A9CBD8D00FDFE48 /* PBXContainerItemProxy */ = {
			isa = PBXContainerItemProxy;
			containerPortal = CAED22682A9CBD8B00FDFE48 /* Project object */;
			proxyType = 1;
			remoteGlobalIDString = CAED226F2A9CBD8B00FDFE48;
			remoteInfo = "I am Rich";
		};
		CAED22912A9CBD8D00FDFE48 /* PBXContainerItemProxy */ = {
			isa = PBXContainerItemProxy;
			containerPortal = CAED22682A9CBD8B00FDFE48 /* Project object */;
			proxyType = 1;
			remoteGlobalIDString = CAED226F2A9CBD8B00FDFE48;
			remoteInfo = "I am Rich";
		};
/* End PBXContainerItemProxy section */

/* Begin PBXFileReference section */
		CAED22702A9CBD8B00FDFE48 /* I am Rich.app */ = {isa = PBXFileReference; explicitFileType = wrapper.application; includeInIndex = 0; path = "I am Rich.app"; sourceTree = BUILT_PRODUCTS_DIR; };
		CAED22732A9CBD8B00FDFE48 /* AppDelegate.swift */ = {isa = PBXFileReference; lastKnownFileType = sourcecode.swift; path = AppDelegate.swift; sourceTree = "<group>"; };
		CAED22752A9CBD8B00FDFE48 /* SceneDelegate.swift */ = {isa = PBXFileReference; lastKnownFileType = sourcecode.swift; path = SceneDelegate.swift; sourceTree = "<group>"; };
		CAED22772A9CBD8B00FDFE48 /* ViewController.swift */ = {isa = PBXFileReference; lastKnownFileType = sourcecode.swift; path = ViewController.swift; sourceTree = "<group>"; };
		CAED227A2A9CBD8B00FDFE48 /* Base */ = {isa = PBXFileReference; lastKnownFileType = file.storyboard; name = Base; path = Base.lproj/Main.storyboard; sourceTree = "<group>"; };
		CAED227C2A9CBD8C00FDFE48 /* Assets.xcassets */ = {isa = PBXFileReference; lastKnownFileType = folder.assetcatalog; path = Assets.xcassets; sourceTree = "<group>"; };
		CAED227F2A9CBD8C00FDFE48 /* Base */ = {isa = PBXFileReference; lastKnownFileType = file.storyboard; name = Base; path = Base.lproj/LaunchScreen.storyboard; sourceTree = "<group>"; };
		CAED22812A9CBD8C00FDFE48 /* Info.plist */ = {isa = PBXFileReference; lastKnownFileType = text.plist.xml; path = Info.plist; sourceTree = "<group>"; };
		CAED22862A9CBD8D00FDFE48 /* I am RichTests.xctest */ = {isa = PBXFileReference; explicitFileType = wrapper.cfbundle; includeInIndex = 0; path = "I am RichTests.xctest"; sourceTree = BUILT_PRODUCTS_DIR; };
		CAED228A2A9CBD8D00FDFE48 /* I_am_RichTests.swift */ = {isa = PBXFileReference; lastKnownFileType = sourcecode.swift; path = I_am_RichTests.swift; sourceTree = "<group>"; };
		CAED22902A9CBD8D00FDFE48 /* I am RichUITests.xctest */ = {isa = PBXFileReference; explicitFileType = wrapper.cfbundle; includeInIndex = 0; path = "I am RichUITests.xctest"; sourceTree = BUILT_PRODUCTS_DIR; };
		CAED22942A9CBD8D00FDFE48 /* I_am_RichUITests.swift */ = {isa = PBXFileReference; lastKnownFileType = sourcecode.swift; path = I_am_RichUITests.swift; sourceTree = "<group>"; };
		CAED22962A9CBD8D00FDFE48 /* I_am_RichUITestsLaunchTests.swift */ = {isa = PBXFileReference; lastKnownFileType = sourcecode.swift; path = I_am_RichUITestsLaunchTests.swift; sourceTree = "<group>"; };
/* End PBXFileReference section */

/* Begin PBXFrameworksBuildPhase section */
		CAED226D2A9CBD8B00FDFE48 /* Frameworks */ = {
			isa = PBXFrameworksBuildPhase;
			buildActionMask = 2147483647;
			files = (
			);
			runOnlyForDeploymentPostprocessing = 0;
		};
		CAED22832A9CBD8D00FDFE48 /* Frameworks */ = {
			isa = PBXFrameworksBuildPhase;
			buildActionMask = 2147483647;
			files = (
			);
			runOnlyForDeploymentPostprocessing = 0;
		};
		CAED228D2A9CBD8D00FDFE48 /* Frameworks */ = {
			isa = PBXFrameworksBuildPhase;
			buildActionMask = 2147483647;
			files = (
			);
			runOnlyForDeploymentPostprocessing = 0;
		};
/* End PBXFrameworksBuildPhase section */

/* Begin PBXGroup section */
		CAED22672A9CBD8B00FDFE48 = {
			isa = PBXGroup;
			children = (
				CAED22722A9CBD8B00FDFE48 /* I am Rich */,
				CAED22892A9CBD8D00FDFE48 /* I am RichTests */,
				CAED22932A9CBD8D00FDFE48 /* I am RichUITests */,
				CAED22712A9CBD8B00FDFE48 /* Products */,
			);
			sourceTree = "<group>";
		};
		CAED22712A9CBD8B00FDFE48 /* Products */ = {
			isa = PBXGroup;
			children = (
				CAED22702A9CBD8B00FDFE48 /* I am Rich.app */,
				CAED22862A9CBD8D00FDFE48 /* I am RichTests.xctest */,
				CAED22902A9CBD8D00FDFE48 /* I am RichUITests.xctest */,
			);
			name = Products;
			sourceTree = "<group>";
		};
		CAED22722A9CBD8B00FDFE48 /* I am Rich */ = {
			isa = PBXGroup;
			children = (
				CAED22732A9CBD8B00FDFE48 /* AppDelegate.swift */,
				CAED22752A9CBD8B00FDFE48 /* SceneDelegate.swift */,
				CAED22772A9CBD8B00FDFE48 /* ViewController.swift */,
				CAED22792A9CBD8B00FDFE48 /* Main.storyboard */,
				CAED227C2A9CBD8C00FDFE48 /* Assets.xcassets */,
				CAED227E2A9CBD8C00FDFE48 /* LaunchScreen.storyboard */,
				CAED22812A9CBD8C00FDFE48 /* Info.plist */,
			);
			path = "I am Rich";
			sourceTree = "<group>";
		};
		CAED22892A9CBD8D00FDFE48 /* I am RichTests */ = {
			isa = PBXGroup;
			children = (
				CAED228A2A9CBD8D00FDFE48 /* I_am_RichTests.swift */,
			);
			path = "I am RichTests";
			sourceTree = "<group>";
		};
		CAED22932A9CBD8D00FDFE48 /* I am RichUITests */ = {
			isa = PBXGroup;
			children = (
				CAED22942A9CBD8D00FDFE48 /* I_am_RichUITests.swift */,
				CAED22962A9CBD8D00FDFE48 /* I_am_RichUITestsLaunchTests.swift */,
			);
			path = "I am RichUITests";
			sourceTree = "<group>";
		};
/* End PBXGroup section */

/* Begin PBXNativeTarget section */
		CAED226F2A9CBD8B00FDFE48 /* I am Rich */ = {
			isa = PBXNativeTarget;
			buildConfigurationList = CAED229A2A9CBD8D00FDFE48 /* Build configuration list for PBXNativeTarget "I am Rich" */;
			buildPhases = (
				CAED226C2A9CBD8B00FDFE48 /* Sources */,
				CAED226D2A9CBD8B00FDFE48 /* Frameworks */,
				CAED226E2A9CBD8B00FDFE48 /* Resources */,
			);
			buildRules = (
			);
			dependencies = (
			);
			name = "I am Rich";
			productName = "I am Rich";
			productReference = CAED22702A9CBD8B00FDFE48 /* I am Rich.app */;
			productType = "com.apple.product-type.application";
		};
		CAED22852A9CBD8D00FDFE48 /* I am RichTests */ = {
			isa = PBXNativeTarget;
			buildConfigurationList = CAED229D2A9CBD8D00FDFE48 /* Build configuration list for PBXNativeTarget "I am RichTests" */;
			buildPhases = (
				CAED22822A9CBD8D00FDFE48 /* Sources */,
				CAED22832A9CBD8D00FDFE48 /* Frameworks */,
				CAED22842A9CBD8D00FDFE48 /* Resources */,
			);
			buildRules = (
			);
			dependencies = (
				CAED22882A9CBD8D00FDFE48 /* PBXTargetDependency */,
			);
			name = "I am RichTests";
			productName = "I am RichTests";
			productReference = CAED22862A9CBD8D00FDFE48 /* I am RichTests.xctest */;
			productType = "com.apple.product-type.bundle.unit-test";
		};
		CAED228F2A9CBD8D00FDFE48 /* I am RichUITests */ = {
			isa = PBXNativeTarget;
			buildConfigurationList = CAED22A02A9CBD8D00FDFE48 /* Build configuration list for PBXNativeTarget "I am RichUITests" */;
			buildPhases = (
				CAED228C2A9CBD8D00FDFE48 /* Sources */,
				CAED228D2A9CBD8D00FDFE48 /* Frameworks */,
				CAED228E2A9CBD8D00FDFE48 /* Resources */,
			);
			buildRules = (
			);
			dependencies = (
				CAED22922A9CBD8D00FDFE48 /* PBXTargetDependency */,
			);
			name = "I am RichUITests";
			productName = "I am RichUITests";
			productReference = CAED22902A9CBD8D00FDFE48 /* I am RichUITests.xctest */;
			productType = "com.apple.product-type.bundle.ui-testing";
		};
/* End PBXNativeTarget section */

/* Begin PBXProject section */
		CAED22682A9CBD8B00FDFE48 /* Project object */ = {
			isa = PBXProject;
			attributes = {
				BuildIndependentTargetsInParallel = 1;
				LastSwiftUpdateCheck = 1430;
				LastUpgradeCheck = 1430;
				TargetAttributes = {
					CAED226F2A9CBD8B00FDFE48 = {
						CreatedOnToolsVersion = 14.3.1;
					};
					CAED22852A9CBD8D00FDFE48 = {
						CreatedOnToolsVersion = 14.3.1;
						TestTargetID = CAED226F2A9CBD8B00FDFE48;
					};
					CAED228F2A9CBD8D00FDFE48 = {
						CreatedOnToolsVersion = 14.3.1;
						TestTargetID = CAED226F2A9CBD8B00FDFE48;
					};
				};
			};
			buildConfigurationList = CAED226B2A9CBD8B00FDFE48 /* Build configuration list for PBXProject "I am Rich" */;
			compatibilityVersion = "Xcode 14.0";
			developmentRegion = en;
			hasScannedForEncodings = 0;
			knownRegions = (
				en,
				Base,
			);
			mainGroup = CAED22672A9CBD8B00FDFE48;
			productRefGroup = CAED22712A9CBD8B00FDFE48 /* Products */;
			projectDirPath = "";
			projectRoot = "";
			targets = (
				CAED226F2A9CBD8B00FDFE48 /* I am Rich */,
				CAED22852A9CBD8D00FDFE48 /* I am RichTests */,
				CAED228F2A9CBD8D00FDFE48 /* I am RichUITests */,
			);
		};
/* End PBXProject section */

/* Begin PBXResourcesBuildPhase section */
		CAED226E2A9CBD8B00FDFE48 /* Resources */ = {
			isa = PBXResourcesBuildPhase;
			buildActionMask = 2147483647;
			files = (
				CAED22802A9CBD8C00FDFE48 /* LaunchScreen.storyboard in Resources */,
				CAED227D2A9CBD8C00FDFE48 /* Assets.xcassets in Resources */,
				CAED227B2A9CBD8B00FDFE48 /* Main.storyboard in Resources */,
			);
			runOnlyForDeploymentPostprocessing = 0;
		};
		CAED22842A9CBD8D00FDFE48 /* Resources */ = {
			isa = PBXResourcesBuildPhase;
			buildActionMask = 2147483647;
			files = (
			);
			runOnlyForDeploymentPostprocessing = 0;
		};
		CAED228E2A9CBD8D00FDFE48 /* Resources */ = {
			isa = PBXResourcesBuildPhase;
			buildActionMask = 2147483647;
			files = (
			);
			runOnlyForDeploymentPostprocessing = 0;
		};
/* End PBXResourcesBuildPhase section */

/* Begin PBXSourcesBuildPhase section */
		CAED226C2A9CBD8B00FDFE48 /* Sources */ = {
			isa = PBXSourcesBuildPhase;
			buildActionMask = 2147483647;
			files = (
				CAED22782A9CBD8B00FDFE48 /* ViewController.swift in Sources */,
				CAED22742A9CBD8B00FDFE48 /* AppDelegate.swift in Sources */,
				CAED22762A9CBD8B00FDFE48 /* SceneDelegate.swift in Sources */,
			);
			runOnlyForDeploymentPostprocessing = 0;
		};
		CAED22822A9CBD8D00FDFE48 /* Sources */ = {
			isa = PBXSourcesBuildPhase;
			buildActionMask = 2147483647;
			files = (
				CAED228B2A9CBD8D00FDFE48 /* I_am_RichTests.swift in Sources */,
			);
			runOnlyForDeploymentPostprocessing = 0;
		};
		CAED228C2A9CBD8D00FDFE48 /* Sources */ = {
			isa = PBXSourcesBuildPhase;
			buildActionMask = 2147483647;
			files = (
				CAED22972A9CBD8D00FDFE48 /* I_am_RichUITestsLaunchTests.swift in Sources */,
				CAED22952A9CBD8D00FDFE48 /* I_am_RichUITests.swift in Sources */,
			);
			runOnlyForDeploymentPostprocessing = 0;
		};
/* End PBXSourcesBuildPhase section */

/* Begin PBXTargetDependency section */
		CAED22882A9CBD8D00FDFE48 /* PBXTargetDependency */ = {
			isa = PBXTargetDependency;
			target = CAED226F2A9CBD8B00FDFE48 /* I am Rich */;
			targetProxy = CAED22872A9CBD8D00FDFE48 /* PBXContainerItemProxy */;
		};
		CAED22922A9CBD8D00FDFE48 /* PBXTargetDependency */ = {
			isa = PBXTargetDependency;
			target = CAED226F2A9CBD8B00FDFE48 /* I am Rich */;
			targetProxy = CAED22912A9CBD8D00FDFE48 /* PBXContainerItemProxy */;
		};
/* End PBXTargetDependency section */

/* Begin PBXVariantGroup section */
		CAED22792A9CBD8B00FDFE48 /* Main.storyboard */ = {
			isa = PBXVariantGroup;
			children = (
				CAED227A2A9CBD8B00FDFE48 /* Base */,
			);
			name = Main.storyboard;
			sourceTree = "<group>";
		};
		CAED227E2A9CBD8C00FDFE48 /* LaunchScreen.storyboard */ = {
			isa = PBXVariantGroup;
			children = (
				CAED227F2A9CBD8C00FDFE48 /* Base */,
			);
			name = LaunchScreen.storyboard;
			sourceTree = "<group>";
		};
/* End PBXVariantGroup section */

/* Begin XCBuildConfiguration section */
		CAED22982A9CBD8D00FDFE48 /* Debug */ = {
			isa = XCBuildConfiguration;
			buildSettings = {
				ALWAYS_SEARCH_USER_PATHS = NO;
				CLANG_ANALYZER_NONNULL = YES;
				CLANG_ANALYZER_NUMBER_OBJECT_CONVERSION = YES_AGGRESSIVE;
				CLANG_CXX_LANGUAGE_STANDARD = "gnu++20";
				CLANG_ENABLE_MODULES = YES;
				CLANG_ENABLE_OBJC_ARC = YES;
				CLANG_ENABLE_OBJC_WEAK = YES;
				CLANG_WARN_BLOCK_CAPTURE_AUTORELEASING = YES;
				CLANG_WARN_BOOL_CONVERSION = YES;
				CLANG_WARN_COMMA = YES;
				CLANG_WARN_CONSTANT_CONVERSION = YES;
				CLANG_WARN_DEPRECATED_OBJC_IMPLEMENTATIONS = YES;
				CLANG_WARN_DIRECT_OBJC_ISA_USAGE = YES_ERROR;
				CLANG_WARN_DOCUMENTATION_COMMENTS = YES;
				CLANG_WARN_EMPTY_BODY = YES;
				CLANG_WARN_ENUM_CONVERSION = YES;
				CLANG_WARN_INFINITE_RECURSION = YES;
				CLANG_WARN_INT_CONVERSION = YES;
				CLANG_WARN_NON_LITERAL_NULL_CONVERSION = YES;
				CLANG_WARN_OBJC_IMPLICIT_RETAIN_SELF = YES;
				CLANG_WARN_OBJC_LITERAL_CONVERSION = YES;
				CLANG_WARN_OBJC_ROOT_CLASS = YES_ERROR;
				CLANG_WARN_QUOTED_INCLUDE_IN_FRAMEWORK_HEADER = YES;
				CLANG_WARN_RANGE_LOOP_ANALYSIS = YES;
				CLANG_WARN_STRICT_PROTOTYPES = YES;
				CLANG_WARN_SUSPICIOUS_MOVE = YES;
				CLANG_WARN_UNGUARDED_AVAILABILITY = YES_AGGRESSIVE;
				CLANG_WARN_UNREACHABLE_CODE = YES;
				CLANG_WARN__DUPLICATE_METHOD_MATCH = YES;
				COPY_PHASE_STRIP = NO;
				DEBUG_INFORMATION_FORMAT = dwarf;
				ENABLE_STRICT_OBJC_MSGSEND = YES;
				ENABLE_TESTABILITY = YES;
				GCC_C_LANGUAGE_STANDARD = gnu11;
				GCC_DYNAMIC_NO_PIC = NO;
				GCC_NO_COMMON_BLOCKS = YES;
				GCC_OPTIMIZATION_LEVEL = 0;
				GCC_PREPROCESSOR_DEFINITIONS = (
					"DEBUG=1",
					"$(inherited)",
				);
				GCC_WARN_64_TO_32_BIT_CONVERSION = YES;
				GCC_WARN_ABOUT_RETURN_TYPE = YES_ERROR;
				GCC_WARN_UNDECLARED_SELECTOR = YES;
				GCC_WARN_UNINITIALIZED_AUTOS = YES_AGGRESSIVE;
				GCC_WARN_UNUSED_FUNCTION = YES;
				GCC_WARN_UNUSED_VARIABLE = YES;
				IPHONEOS_DEPLOYMENT_TARGET = 16.4;
				MTL_ENABLE_DEBUG_INFO = INCLUDE_SOURCE;
				MTL_FAST_MATH = YES;
				ONLY_ACTIVE_ARCH = YES;
				SDKROOT = iphoneos;
				SWIFT_ACTIVE_COMPILATION_CONDITIONS = DEBUG;
				SWIFT_OPTIMIZATION_LEVEL = "-Onone";
			};
			name = Debug;
		};
		CAED22992A9CBD8D00FDFE48 /* Release */ = {
			isa = XCBuildConfiguration;
			buildSettings = {
				ALWAYS_SEARCH_USER_PATHS = NO;
				CLANG_ANALYZER_NONNULL = YES;
				CLANG_ANALYZER_NUMBER_OBJECT_CONVERSION = YES_AGGRESSIVE;
				CLANG_CXX_LANGUAGE_STANDARD = "gnu++20";
				CLANG_ENABLE_MODULES = YES;
				CLANG_ENABLE_OBJC_ARC = YES;
				CLANG_ENABLE_OBJC_WEAK = YES;
				CLANG_WARN_BLOCK_CAPTURE_AUTORELEASING = YES;
				CLANG_WARN_BOOL_CONVERSION = YES;
				CLANG_WARN_COMMA = YES;
				CLANG_WARN_CONSTANT_CONVERSION = YES;
				CLANG_WARN_DEPRECATED_OBJC_IMPLEMENTATIONS = YES;
				CLANG_WARN_DIRECT_OBJC_ISA_USAGE = YES_ERROR;
				CLANG_WARN_DOCUMENTATION_COMMENTS = YES;
				CLANG_WARN_EMPTY_BODY = YES;
				CLANG_WARN_ENUM_CONVERSION = YES;
				CLANG_WARN_INFINITE_RECURSION = YES;
				CLANG_WARN_INT_CONVERSION = YES;
				CLANG_WARN_NON_LITERAL_NULL_CONVERSION = YES;
				CLANG_WARN_OBJC_IMPLICIT_RETAIN_SELF = YES;
				CLANG_WARN_OBJC_LITERAL_CONVERSION = YES;
				CLANG_WARN_OBJC_ROOT_CLASS = YES_ERROR;
				CLANG_WARN_QUOTED_INCLUDE_IN_FRAMEWORK_HEADER = YES;
				CLANG_WARN_RANGE_LOOP_ANALYSIS = YES;
				CLANG_WARN_STRICT_PROTOTYPES = YES;
				CLANG_WARN_SUSPICIOUS_MOVE = YES;
				CLANG_WARN_UNGUARDED_AVAILABILITY = YES_AGGRESSIVE;
				CLANG_WARN_UNREACHABLE_CODE = YES;
				CLANG_WARN__DUPLICATE_METHOD_MATCH = YES;
				COPY_PHASE_STRIP = NO;
				DEBUG_INFORMATION_FORMAT = "dwarf-with-dsym";
				ENABLE_NS_ASSERTIONS = NO;
				ENABLE_STRICT_OBJC_MSGSEND = YES;
				GCC_C_LANGUAGE_STANDARD = gnu11;
				GCC_NO_COMMON_BLOCKS = YES;
				GCC_WARN_64_TO_32_BIT_CONVERSION = YES;
				GCC_WARN_ABOUT_RETURN_TYPE = YES_ERROR;
				GCC_WARN_UNDECLARED_SELECTOR = YES;
				GCC_WARN_UNINITIALIZED_AUTOS = YES_AGGRESSIVE;
				GCC_WARN_UNUSED_FUNCTION = YES;
				GCC_WARN_UNUSED_VARIABLE = YES;
				IPHONEOS_DEPLOYMENT_TARGET = 16.4;
				MTL_ENABLE_DEBUG_INFO = NO;
				MTL_FAST_MATH = YES;
				SDKROOT = iphoneos;
				SWIFT_COMPILATION_MODE = wholemodule;
				SWIFT_OPTIMIZATION_LEVEL = "-O";
				VALIDATE_PRODUCT = YES;
			};
			name = Release;
		};
		CAED229B2A9CBD8D00FDFE48 /* Debug */ = {
			isa = XCBuildConfiguration;
			buildSettings = {
				ASSETCATALOG_COMPILER_APPICON_NAME = AppIcon;
				ASSETCATALOG_COMPILER_GLOBAL_ACCENT_COLOR_NAME = AccentColor;
				CODE_SIGN_STYLE = Automatic;
				CURRENT_PROJECT_VERSION = 1;
				DEVELOPMENT_TEAM = DDX45LBBX3;
				GENERATE_INFOPLIST_FILE = YES;
				INFOPLIST_FILE = "I am Rich/Info.plist";
				INFOPLIST_KEY_UIApplicationSupportsIndirectInputEvents = YES;
				INFOPLIST_KEY_UILaunchStoryboardName = LaunchScreen;
				INFOPLIST_KEY_UIMainStoryboardFile = Main;
				INFOPLIST_KEY_UISupportedInterfaceOrientations_iPad = "UIInterfaceOrientationPortrait UIInterfaceOrientationPortraitUpsideDown UIInterfaceOrientationLandscapeLeft UIInterfaceOrientationLandscapeRight";
				INFOPLIST_KEY_UISupportedInterfaceOrientations_iPhone = "UIInterfaceOrientationPortrait UIInterfaceOrientationLandscapeLeft UIInterfaceOrientationLandscapeRight";
				IPHONEOS_DEPLOYMENT_TARGET = 13.0;
				LD_RUNPATH_SEARCH_PATHS = (
					"$(inherited)",
					"@executable_path/Frameworks",
				);
				MARKETING_VERSION = 1.0;
				PRODUCT_BUNDLE_IDENTIFIER = "com.learn.iamrich.I-am-Rich";
				PRODUCT_NAME = "$(TARGET_NAME)";
				SWIFT_EMIT_LOC_STRINGS = YES;
				SWIFT_VERSION = 5.0;
				TARGETED_DEVICE_FAMILY = "1,2";
			};
			name = Debug;
		};
		CAED229C2A9CBD8D00FDFE48 /* Release */ = {
			isa = XCBuildConfiguration;
			buildSettings = {
				ASSETCATALOG_COMPILER_APPICON_NAME = AppIcon;
				ASSETCATALOG_COMPILER_GLOBAL_ACCENT_COLOR_NAME = AccentColor;
				CODE_SIGN_STYLE = Automatic;
				CURRENT_PROJECT_VERSION = 1;
				DEVELOPMENT_TEAM = DDX45LBBX3;
				GENERATE_INFOPLIST_FILE = YES;
				INFOPLIST_FILE = "I am Rich/Info.plist";
				INFOPLIST_KEY_UIApplicationSupportsIndirectInputEvents = YES;
				INFOPLIST_KEY_UILaunchStoryboardName = LaunchScreen;
				INFOPLIST_KEY_UIMainStoryboardFile = Main;
				INFOPLIST_KEY_UISupportedInterfaceOrientations_iPad = "UIInterfaceOrientationPortrait UIInterfaceOrientationPortraitUpsideDown UIInterfaceOrientationLandscapeLeft UIInterfaceOrientationLandscapeRight";
				INFOPLIST_KEY_UISupportedInterfaceOrientations_iPhone = "UIInterfaceOrientationPortrait UIInterfaceOrientationLandscapeLeft UIInterfaceOrientationLandscapeRight";
				IPHONEOS_DEPLOYMENT_TARGET = 13.0;
				LD_RUNPATH_SEARCH_PATHS = (
					"$(inherited)",
					"@executable_path/Frameworks",
				);
				MARKETING_VERSION = 1.0;
				PRODUCT_BUNDLE_IDENTIFIER = "com.learn.iamrich.I-am-Rich";
				PRODUCT_NAME = "$(TARGET_NAME)";
				SWIFT_EMIT_LOC_STRINGS = YES;
				SWIFT_VERSION = 5.0;
				TARGETED_DEVICE_FAMILY = "1,2";
			};
			name = Release;
		};
		CAED229E2A9CBD8D00FDFE48 /* Debug */ = {
			isa = XCBuildConfiguration;
			buildSettings = {
				ALWAYS_EMBED_SWIFT_STANDARD_LIBRARIES = YES;
				BUNDLE_LOADER = "$(TEST_HOST)";
				CODE_SIGN_STYLE = Automatic;
				CURRENT_PROJECT_VERSION = 1;
				GENERATE_INFOPLIST_FILE = YES;
				IPHONEOS_DEPLOYMENT_TARGET = 16.4;
				MARKETING_VERSION = 1.0;
				PRODUCT_BUNDLE_IDENTIFIER = "com.learn.iamrich.I-am-RichTests";
				PRODUCT_NAME = "$(TARGET_NAME)";
				SWIFT_EMIT_LOC_STRINGS = NO;
				SWIFT_VERSION = 5.0;
				TARGETED_DEVICE_FAMILY = "1,2";
				TEST_HOST = "$(BUILT_PRODUCTS_DIR)/I am Rich.app/$(BUNDLE_EXECUTABLE_FOLDER_PATH)/I am Rich";
			};
			name = Debug;
		};
		CAED229F2A9CBD8D00FDFE48 /* Release */ = {
			isa = XCBuildConfiguration;
			buildSettings = {
				ALWAYS_EMBED_SWIFT_STANDARD_LIBRARIES = YES;
				BUNDLE_LOADER = "$(TEST_HOST)";
				CODE_SIGN_STYLE = Automatic;
				CURRENT_PROJECT_VERSION = 1;
				GENERATE_INFOPLIST_FILE = YES;
				IPHONEOS_DEPLOYMENT_TARGET = 16.4;
				MARKETING_VERSION = 1.0;
				PRODUCT_BUNDLE_IDENTIFIER = "com.learn.iamrich.I-am-RichTests";
				PRODUCT_NAME = "$(TARGET_NAME)";
				SWIFT_EMIT_LOC_STRINGS = NO;
				SWIFT_VERSION = 5.0;
				TARGETED_DEVICE_FAMILY = "1,2";
				TEST_HOST = "$(BUILT_PRODUCTS_DIR)/I am Rich.app/$(BUNDLE_EXECUTABLE_FOLDER_PATH)/I am Rich";
			};
			name = Release;
		};
		CAED22A12A9CBD8D00FDFE48 /* Debug */ = {
			isa = XCBuildConfiguration;
			buildSettings = {
				ALWAYS_EMBED_SWIFT_STANDARD_LIBRARIES = YES;
				CODE_SIGN_STYLE = Automatic;
				CURRENT_PROJECT_VERSION = 1;
				GENERATE_INFOPLIST_FILE = YES;
				MARKETING_VERSION = 1.0;
				PRODUCT_BUNDLE_IDENTIFIER = "com.learn.iamrich.I-am-RichUITests";
				PRODUCT_NAME = "$(TARGET_NAME)";
				SWIFT_EMIT_LOC_STRINGS = NO;
				SWIFT_VERSION = 5.0;
				TARGETED_DEVICE_FAMILY = "1,2";
				TEST_TARGET_NAME = "I am Rich";
			};
			name = Debug;
		};
		CAED22A22A9CBD8D00FDFE48 /* Release */ = {
			isa = XCBuildConfiguration;
			buildSettings = {
				ALWAYS_EMBED_SWIFT_STANDARD_LIBRARIES = YES;
				CODE_SIGN_STYLE = Automatic;
				CURRENT_PROJECT_VERSION = 1;
				GENERATE_INFOPLIST_FILE = YES;
				MARKETING_VERSION = 1.0;
				PRODUCT_BUNDLE_IDENTIFIER = "com.learn.iamrich.I-am-RichUITests";
				PRODUCT_NAME = "$(TARGET_NAME)";
				SWIFT_EMIT_LOC_STRINGS = NO;
				SWIFT_VERSION = 5.0;
				TARGETED_DEVICE_FAMILY = "1,2";
				TEST_TARGET_NAME = "I am Rich";
			};
			name = Release;
		};
/* End XCBuildConfiguration section */

/* Begin XCConfigurationList section */
		CAED226B2A9CBD8B00FDFE48 /* Build configuration list for PBXProject "I am Rich" */ = {
			isa = XCConfigurationList;
			buildConfigurations = (
				CAED22982A9CBD8D00FDFE48 /* Debug */,
				CAED22992A9CBD8D00FDFE48 /* Release */,
			);
			defaultConfigurationIsVisible = 0;
			defaultConfigurationName = Release;
		};
		CAED229A2A9CBD8D00FDFE48 /* Build configuration list for PBXNativeTarget "I am Rich" */ = {
			isa = XCConfigurationList;
			buildConfigurations = (
				CAED229B2A9CBD8D00FDFE48 /* Debug */,
				CAED229C2A9CBD8D00FDFE48 /* Release */,
			);
			defaultConfigurationIsVisible = 0;
			defaultConfigurationName = Release;
		};
		CAED229D2A9CBD8D00FDFE48 /* Build configuration list for PBXNativeTarget "I am RichTests" */ = {
			isa = XCConfigurationList;
			buildConfigurations = (
				CAED229E2A9CBD8D00FDFE48 /* Debug */,
				CAED229F2A9CBD8D00FDFE48 /* Release */,
			);
			defaultConfigurationIsVisible = 0;
			defaultConfigurationName = Release;
		};
		CAED22A02A9CBD8D00FDFE48 /* Build configuration list for PBXNativeTarget "I am RichUITests" */ = {
			isa = XCConfigurationList;
			buildConfigurations = (
				CAED22A12A9CBD8D00FDFE48 /* Debug */,
				CAED22A22A9CBD8D00FDFE48 /* Release */,
			);
			defaultConfigurationIsVisible = 0;
			defaultConfigurationName = Release;
		};
/* End XCConfigurationList section */
	};
	rootObject = CAED22682A9CBD8B00FDFE48 /* Project object */;
}
